github.com/davecgh/go-spew v1.1.0 h1:ZDRjVQ15GmhC3fiQ8ni8+OwkZQO4DARzQgrnXU1Liz8=
github.com/pmezard/go-difflib v1.0.0 h1:4DBwDE0NGyQoBHbLQYPwSUPoCMWR5BEzIk/f1lZbAQM=
github.com/stretchr/testify v1.7.1 h1:5TQK59W5E3v0r2duFAb7P95B6hEeOyEnHRa8MjYSMTY=
github.com/xyctruth/stream v0.0.0-20220325105552-13545ab17c4f h1:AJVFMNrWRqftDGdEs37SBAxAtU1Nx8j031oiJdEKaTM=
github.com/xyctruth/stream v0.0.0-20220325105552-13545ab17c4f/go.mod h1:Bcnc0Ch+uYGUPex3NTHzVer2I7/tl7cNiAwjudtmR3A=
golang.org/x/exp v0.0.0-20220303212507-bbda1eaf7a17 h1:3MTrJm4PyNL9NBqvYDSj3DHl46qQakyfqfWo4jgfaEM=
golang.org/x/exp v0.0.0-20220303212507-bbda1eaf7a17/go.mod h1:lgLbSvA5ygNOMpwM/9anMpWVlVJ7Z+cHWq/eFuinpGE=
golang.org/x/exp v0.0.0-20220325121720-054d8573a5d8 h1:Xt4/LzbTwfocTk9ZLEu4onjeFucl88iW+v4j4PWbQuE=
golang.org/x/exp v0.0.0-20220325121720-054d8573a5d8/go.mod h1:lgLbSvA5ygNOMpwM/9anMpWVlVJ7Z+cHWq/eFuinpGE=
gopkg.in/yaml.v3 v3.0.0-20200313102051-9f266ea9e77c h1:dUUwHk2QECo/6vqA44rthZ8ie2QXMNeKRTHCNY2nXvo=
